
Microsoft Visual Studio Solution File, Format Version 12.00
# Visual Studio Version 16
VisualStudioVersion = 16.0.31129.286
MinimumVisualStudioVersion = 10.0.40219.1
Project("{FAE04EC0-301F-11D3-BF4B-00C04F79EFBC}") = "HackerRank", "HackerRank\HackerRank.csproj", "{8A047D51-91DF-40D2-9CE0-6543B8B41CE1}"
EndProject
Global
	GlobalSection(SolutionConfigurationPlatforms) = preSolution
		Debug|Any CPU = Debug|Any CPU
		Release|Any CPU = Release|Any CPU
	EndGlobalSection
	GlobalSection(ProjectConfigurationPlatforms) = postSolution
		{8A047D51-91DF-40D2-9CE0-6543B8B41CE1}.Debug|Any CPU.ActiveCfg = Debug|Any CPU
		{8A047D51-91DF-40D2-9CE0-6543B8B41CE1}.Debug|Any CPU.Build.0 = Debug|Any CPU
		{8A047D51-91DF-40D2-9CE0-6543B8B41CE1}.Release|Any CPU.ActiveCfg = Release|Any CPU
		{8A047D51-91DF-40D2-9CE0-6543B8B41CE1}.Release|Any CPU.Build.0 = Release|Any CPU
	EndGlobalSection
	GlobalSection(SolutionProperties) = preSolution
		HideSolutionNode = FALSE
	EndGlobalSection
	GlobalSection(ExtensibilityGlobals) = postSolution
		SolutionGuid = {98AA9699-5A62-40E7-944E-894682B07DC2}
	EndGlobalSection
EndGlobal
